// !$*UTF8*$!
{
	archiveVersion = 1;
	classes = {
	};
	objectVersion = 50;
	objects = {

/* Begin PBXBuildFile section */
		9A2D667D20CE0C8B00C986E3 /* UIView+Tap.m in Sources */ = {isa = PBXBuildFile; fileRef = 9A2D667C20CE0C8B00C986E3 /* UIView+Tap.m */; };
		9AD8A37320CA784400156E1B /* SQRBaseClassProjectTests.m in Sources */ = {isa = PBXBuildFile; fileRef = 9AD8A37220CA784400156E1B /* SQRBaseClassProjectTests.m */; };
		9AD8A37E20CA784400156E1B /* SQRBaseClassProjectUITests.m in Sources */ = {isa = PBXBuildFile; fileRef = 9AD8A37D20CA784400156E1B /* SQRBaseClassProjectUITests.m */; };
		9AD8A39720CA794300156E1B /* AppDelegate.m in Sources */ = {isa = PBXBuildFile; fileRef = 9AD8A38D20CA794300156E1B /* AppDelegate.m */; };
		9AD8A39820CA794300156E1B /* Assets.xcassets in Resources */ = {isa = PBXBuildFile; fileRef = 9AD8A38E20CA794300156E1B /* Assets.xcassets */; };
		9AD8A39920CA794300156E1B /* LaunchScreen.storyboard in Resources */ = {isa = PBXBuildFile; fileRef = 9AD8A38F20CA794300156E1B /* LaunchScreen.storyboard */; };
		9AD8A39A20CA794300156E1B /* Main.storyboard in Resources */ = {isa = PBXBuildFile; fileRef = 9AD8A39120CA794300156E1B /* Main.storyboard */; };
		9AD8A39B20CA794300156E1B /* Info.plist in Resources */ = {isa = PBXBuildFile; fileRef = 9AD8A39320CA794300156E1B /* Info.plist */; };
		9AD8A39C20CA794300156E1B /* main.m in Sources */ = {isa = PBXBuildFile; fileRef = 9AD8A39420CA794300156E1B /* main.m */; };
		9AD8A39D20CA794300156E1B /* ViewController.m in Sources */ = {isa = PBXBuildFile; fileRef = 9AD8A39620CA794300156E1B /* ViewController.m */; };
		9AD8A3B420CA794C00156E1B /* LKBaseTableHeaderFooterView.m in Sources */ = {isa = PBXBuildFile; fileRef = 9AD8A3A020CA794B00156E1B /* LKBaseTableHeaderFooterView.m */; };
		9AD8A3B520CA794C00156E1B /* LKBaseTableView.m in Sources */ = {isa = PBXBuildFile; fileRef = 9AD8A3A220CA794B00156E1B /* LKBaseTableView.m */; };
		9AD8A3B620CA794C00156E1B /* LKBaseTableViewCell.m in Sources */ = {isa = PBXBuildFile; fileRef = 9AD8A3A420CA794B00156E1B /* LKBaseTableViewCell.m */; };
		9AD8A3B720CA794C00156E1B /* LKBaseTableViewController.m in Sources */ = {isa = PBXBuildFile; fileRef = 9AD8A3A620CA794B00156E1B /* LKBaseTableViewController.m */; };
		9AD8A3B820CA794C00156E1B /* LKBaseViewController.m in Sources */ = {isa = PBXBuildFile; fileRef = 9AD8A3A820CA794B00156E1B /* LKBaseViewController.m */; };
		9AD8A3B920CA794C00156E1B /* LKCommonNoNetworkingView.m in Sources */ = {isa = PBXBuildFile; fileRef = 9AD8A3AA20CA794B00156E1B /* LKCommonNoNetworkingView.m */; };
		9AD8A3BA20CA794C00156E1B /* LKRefreshUtil.m in Sources */ = {isa = PBXBuildFile; fileRef = 9AD8A3AC20CA794B00156E1B /* LKRefreshUtil.m */; };
		9AD8A3BB20CA794C00156E1B /* LKScrollViewRefresh.m in Sources */ = {isa = PBXBuildFile; fileRef = 9AD8A3AE20CA794B00156E1B /* LKScrollViewRefresh.m */; };
		9AD8A3BC20CA794C00156E1B /* LKWebView.m in Sources */ = {isa = PBXBuildFile; fileRef = 9AD8A3B020CA794B00156E1B /* LKWebView.m */; };
		9AD8A3BD20CA794C00156E1B /* refresh@2x.png in Resources */ = {isa = PBXBuildFile; fileRef = 9AD8A3B220CA794B00156E1B /* refresh@2x.png */; };
		9AD8A3BE20CA794C00156E1B /* refresh@3x.png in Resources */ = {isa = PBXBuildFile; fileRef = 9AD8A3B320CA794B00156E1B /* refresh@3x.png */; };
/* End PBXBuildFile section */

/* Begin PBXContainerItemProxy section */
		9AD8A36F20CA784400156E1B /* PBXContainerItemProxy */ = {
			isa = PBXContainerItemProxy;
			containerPortal = 9AD8A34E20CA784200156E1B /* Project object */;
			proxyType = 1;
			remoteGlobalIDString = 9AD8A35520CA784200156E1B;
			remoteInfo = SQRBaseClassProject;
		};
		9AD8A37A20CA784400156E1B /* PBXContainerItemProxy */ = {
			isa = PBXContainerItemProxy;
			containerPortal = 9AD8A34E20CA784200156E1B /* Project object */;
			proxyType = 1;
			remoteGlobalIDString = 9AD8A35520CA784200156E1B;
			remoteInfo = SQRBaseClassProject;
		};
/* End PBXContainerItemProxy section */

/* Begin PBXFileReference section */
		9A2D667B20CE0C8B00C986E3 /* UIView+Tap.h */ = {isa = PBXFileReference; fileEncoding = 4; lastKnownFileType = sourcecode.c.h; path = "UIView+Tap.h"; sourceTree = "<group>"; };
		9A2D667C20CE0C8B00C986E3 /* UIView+Tap.m */ = {isa = PBXFileReference; fileEncoding = 4; lastKnownFileType = sourcecode.c.objc; path = "UIView+Tap.m"; sourceTree = "<group>"; };
		9AD8A35620CA784200156E1B /* SQRBaseClassProject.app */ = {isa = PBXFileReference; explicitFileType = wrapper.application; includeInIndex = 0; path = SQRBaseClassProject.app; sourceTree = BUILT_PRODUCTS_DIR; };
		9AD8A36E20CA784400156E1B /* SQRBaseClassProjectTests.xctest */ = {isa = PBXFileReference; explicitFileType = wrapper.cfbundle; includeInIndex = 0; path = SQRBaseClassProjectTests.xctest; sourceTree = BUILT_PRODUCTS_DIR; };
		9AD8A37220CA784400156E1B /* SQRBaseClassProjectTests.m */ = {isa = PBXFileReference; lastKnownFileType = sourcecode.c.objc; path = SQRBaseClassProjectTests.m; sourceTree = "<group>"; };
		9AD8A37420CA784400156E1B /* Info.plist */ = {isa = PBXFileReference; lastKnownFileType = text.plist.xml; path = Info.plist; sourceTree = "<group>"; };
		9AD8A37920CA784400156E1B /* SQRBaseClassProjectUITests.xctest */ = {isa = PBXFileReference; explicitFileType = wrapper.cfbundle; includeInIndex = 0; path = SQRBaseClassProjectUITests.xctest; sourceTree = BUILT_PRODUCTS_DIR; };
		9AD8A37D20CA784400156E1B /* SQRBaseClassProjectUITests.m */ = {isa = PBXFileReference; lastKnownFileType = sourcecode.c.objc; path = SQRBaseClassProjectUITests.m; sourceTree = "<group>"; };
		9AD8A37F20CA784400156E1B /* Info.plist */ = {isa = PBXFileReference; lastKnownFileType = text.plist.xml; path = Info.plist; sourceTree = "<group>"; };
		9AD8A38C20CA794300156E1B /* AppDelegate.h */ = {isa = PBXFileReference; fileEncoding = 4; lastKnownFileType = sourcecode.c.h; path = AppDelegate.h; sourceTree = "<group>"; };
		9AD8A38D20CA794300156E1B /* AppDelegate.m */ = {isa = PBXFileReference; fileEncoding = 4; lastKnownFileType = sourcecode.c.objc; path = AppDelegate.m; sourceTree = "<group>"; };
		9AD8A38E20CA794300156E1B /* Assets.xcassets */ = {isa = PBXFileReference; lastKnownFileType = folder.assetcatalog; path = Assets.xcassets; sourceTree = "<group>"; };
		9AD8A39020CA794300156E1B /* Base */ = {isa = PBXFileReference; lastKnownFileType = file.storyboard; name = Base; path = Base.lproj/LaunchScreen.storyboard; sourceTree = "<group>"; };
		9AD8A39220CA794300156E1B /* Base */ = {isa = PBXFileReference; lastKnownFileType = file.storyboard; name = Base; path = Base.lproj/Main.storyboard; sourceTree = "<group>"; };
		9AD8A39320CA794300156E1B /* Info.plist */ = {isa = PBXFileReference; fileEncoding = 4; lastKnownFileType = text.plist.xml; path = Info.plist; sourceTree = "<group>"; };
		9AD8A39420CA794300156E1B /* main.m */ = {isa = PBXFileReference; fileEncoding = 4; lastKnownFileType = sourcecode.c.objc; path = main.m; sourceTree = "<group>"; };
		9AD8A39520CA794300156E1B /* ViewController.h */ = {isa = PBXFileReference; fileEncoding = 4; lastKnownFileType = sourcecode.c.h; path = ViewController.h; sourceTree = "<group>"; };
		9AD8A39620CA794300156E1B /* ViewController.m */ = {isa = PBXFileReference; fileEncoding = 4; lastKnownFileType = sourcecode.c.objc; path = ViewController.m; sourceTree = "<group>"; };
		9AD8A39F20CA794B00156E1B /* LKBaseTableHeaderFooterView.h */ = {isa = PBXFileReference; fileEncoding = 4; lastKnownFileType = sourcecode.c.h; path = LKBaseTableHeaderFooterView.h; sourceTree = "<group>"; };
		9AD8A3A020CA794B00156E1B /* LKBaseTableHeaderFooterView.m */ = {isa = PBXFileReference; fileEncoding = 4; lastKnownFileType = sourcecode.c.objc; path = LKBaseTableHeaderFooterView.m; sourceTree = "<group>"; };
		9AD8A3A120CA794B00156E1B /* LKBaseTableView.h */ = {isa = PBXFileReference; fileEncoding = 4; lastKnownFileType = sourcecode.c.h; path = LKBaseTableView.h; sourceTree = "<group>"; };
		9AD8A3A220CA794B00156E1B /* LKBaseTableView.m */ = {isa = PBXFileReference; fileEncoding = 4; lastKnownFileType = sourcecode.c.objc; path = LKBaseTableView.m; sourceTree = "<group>"; };
		9AD8A3A320CA794B00156E1B /* LKBaseTableViewCell.h */ = {isa = PBXFileReference; fileEncoding = 4; lastKnownFileType = sourcecode.c.h; path = LKBaseTableViewCell.h; sourceTree = "<group>"; };
		9AD8A3A420CA794B00156E1B /* LKBaseTableViewCell.m */ = {isa = PBXFileReference; fileEncoding = 4; lastKnownFileType = sourcecode.c.objc; path = LKBaseTableViewCell.m; sourceTree = "<group>"; };
		9AD8A3A520CA794B00156E1B /* LKBaseTableViewController.h */ = {isa = PBXFileReference; fileEncoding = 4; lastKnownFileType = sourcecode.c.h; path = LKBaseTableViewController.h; sourceTree = "<group>"; };
		9AD8A3A620CA794B00156E1B /* LKBaseTableViewController.m */ = {isa = PBXFileReference; fileEncoding = 4; lastKnownFileType = sourcecode.c.objc; path = LKBaseTableViewController.m; sourceTree = "<group>"; };
		9AD8A3A720CA794B00156E1B /* LKBaseViewController.h */ = {isa = PBXFileReference; fileEncoding = 4; lastKnownFileType = sourcecode.c.h; path = LKBaseViewController.h; sourceTree = "<group>"; };
		9AD8A3A820CA794B00156E1B /* LKBaseViewController.m */ = {isa = PBXFileReference; fileEncoding = 4; lastKnownFileType = sourcecode.c.objc; path = LKBaseViewController.m; sourceTree = "<group>"; };
		9AD8A3A920CA794B00156E1B /* LKCommonNoNetworkingView.h */ = {isa = PBXFileReference; fileEncoding = 4; lastKnownFileType = sourcecode.c.h; path = LKCommonNoNetworkingView.h; sourceTree = "<group>"; };
		9AD8A3AA20CA794B00156E1B /* LKCommonNoNetworkingView.m */ = {isa = PBXFileReference; fileEncoding = 4; lastKnownFileType = sourcecode.c.objc; path = LKCommonNoNetworkingView.m; sourceTree = "<group>"; };
		9AD8A3AB20CA794B00156E1B /* LKRefreshUtil.h */ = {isa = PBXFileReference; fileEncoding = 4; lastKnownFileType = sourcecode.c.h; path = LKRefreshUtil.h; sourceTree = "<group>"; };
		9AD8A3AC20CA794B00156E1B /* LKRefreshUtil.m */ = {isa = PBXFileReference; fileEncoding = 4; lastKnownFileType = sourcecode.c.objc; path = LKRefreshUtil.m; sourceTree = "<group>"; };
		9AD8A3AD20CA794B00156E1B /* LKScrollViewRefresh.h */ = {isa = PBXFileReference; fileEncoding = 4; lastKnownFileType = sourcecode.c.h; path = LKScrollViewRefresh.h; sourceTree = "<group>"; };
		9AD8A3AE20CA794B00156E1B /* LKScrollViewRefresh.m */ = {isa = PBXFileReference; fileEncoding = 4; lastKnownFileType = sourcecode.c.objc; path = LKScrollViewRefresh.m; sourceTree = "<group>"; };
		9AD8A3AF20CA794B00156E1B /* LKWebView.h */ = {isa = PBXFileReference; fileEncoding = 4; lastKnownFileType = sourcecode.c.h; path = LKWebView.h; sourceTree = "<group>"; };
		9AD8A3B020CA794B00156E1B /* LKWebView.m */ = {isa = PBXFileReference; fileEncoding = 4; lastKnownFileType = sourcecode.c.objc; path = LKWebView.m; sourceTree = "<group>"; };
		9AD8A3B220CA794B00156E1B /* refresh@2x.png */ = {isa = PBXFileReference; lastKnownFileType = image.png; path = "refresh@2x.png"; sourceTree = "<group>"; };
		9AD8A3B320CA794B00156E1B /* refresh@3x.png */ = {isa = PBXFileReference; lastKnownFileType = image.png; path = "refresh@3x.png"; sourceTree = "<group>"; };
/* End PBXFileReference section */

/* Begin PBXFrameworksBuildPhase section */
		9AD8A35320CA784200156E1B /* Frameworks */ = {
			isa = PBXFrameworksBuildPhase;
			buildActionMask = 2147483647;
			files = (
			);
			runOnlyForDeploymentPostprocessing = 0;
		};
		9AD8A36B20CA784400156E1B /* Frameworks */ = {
			isa = PBXFrameworksBuildPhase;
			buildActionMask = 2147483647;
			files = (
			);
			runOnlyForDeploymentPostprocessing = 0;
		};
		9AD8A37620CA784400156E1B /* Frameworks */ = {
			isa = PBXFrameworksBuildPhase;
			buildActionMask = 2147483647;
			files = (
			);
			runOnlyForDeploymentPostprocessing = 0;
		};
/* End PBXFrameworksBuildPhase section */

/* Begin PBXGroup section */
		9AD8A34D20CA784200156E1B = {
			isa = PBXGroup;
			children = (
				9AD8A38B20CA794300156E1B /* SQRBaseClassProjectExample */,
				9AD8A37120CA784400156E1B /* SQRBaseClassProjectTests */,
				9AD8A37C20CA784400156E1B /* SQRBaseClassProjectUITests */,
				9AD8A35720CA784200156E1B /* Products */,
			);
			sourceTree = "<group>";
		};
		9AD8A35720CA784200156E1B /* Products */ = {
			isa = PBXGroup;
			children = (
				9AD8A35620CA784200156E1B /* SQRBaseClassProject.app */,
				9AD8A36E20CA784400156E1B /* SQRBaseClassProjectTests.xctest */,
				9AD8A37920CA784400156E1B /* SQRBaseClassProjectUITests.xctest */,
			);
			name = Products;
			sourceTree = "<group>";
		};
		9AD8A37120CA784400156E1B /* SQRBaseClassProjectTests */ = {
			isa = PBXGroup;
			children = (
				9AD8A37220CA784400156E1B /* SQRBaseClassProjectTests.m */,
				9AD8A37420CA784400156E1B /* Info.plist */,
			);
			path = SQRBaseClassProjectTests;
			sourceTree = "<group>";
		};
		9AD8A37C20CA784400156E1B /* SQRBaseClassProjectUITests */ = {
			isa = PBXGroup;
			children = (
				9AD8A37D20CA784400156E1B /* SQRBaseClassProjectUITests.m */,
				9AD8A37F20CA784400156E1B /* Info.plist */,
			);
			path = SQRBaseClassProjectUITests;
			sourceTree = "<group>";
		};
		9AD8A38B20CA794300156E1B /* SQRBaseClassProjectExample */ = {
			isa = PBXGroup;
			children = (
				9AD8A38C20CA794300156E1B /* AppDelegate.h */,
				9AD8A38D20CA794300156E1B /* AppDelegate.m */,
				9AD8A38E20CA794300156E1B /* Assets.xcassets */,
				9AD8A38F20CA794300156E1B /* LaunchScreen.storyboard */,
				9AD8A39120CA794300156E1B /* Main.storyboard */,
				9AD8A39320CA794300156E1B /* Info.plist */,
				9AD8A39420CA794300156E1B /* main.m */,
				9AD8A39520CA794300156E1B /* ViewController.h */,
				9AD8A39620CA794300156E1B /* ViewController.m */,
				9A2D667B20CE0C8B00C986E3 /* UIView+Tap.h */,
				9A2D667C20CE0C8B00C986E3 /* UIView+Tap.m */,
				9AD8A39E20CA794B00156E1B /* SQRBaseClassProject */,
			);
			path = SQRBaseClassProjectExample;
			sourceTree = "<group>";
		};
		9AD8A39E20CA794B00156E1B /* SQRBaseClassProject */ = {
			isa = PBXGroup;
			children = (
				9AD8A39F20CA794B00156E1B /* LKBaseTableHeaderFooterView.h */,
				9AD8A3A020CA794B00156E1B /* LKBaseTableHeaderFooterView.m */,
				9AD8A3A120CA794B00156E1B /* LKBaseTableView.h */,
				9AD8A3A220CA794B00156E1B /* LKBaseTableView.m */,
				9AD8A3A320CA794B00156E1B /* LKBaseTableViewCell.h */,
				9AD8A3A420CA794B00156E1B /* LKBaseTableViewCell.m */,
				9AD8A3A520CA794B00156E1B /* LKBaseTableViewController.h */,
				9AD8A3A620CA794B00156E1B /* LKBaseTableViewController.m */,
				9AD8A3A720CA794B00156E1B /* LKBaseViewController.h */,
				9AD8A3A820CA794B00156E1B /* LKBaseViewController.m */,
				9AD8A3A920CA794B00156E1B /* LKCommonNoNetworkingView.h */,
				9AD8A3AA20CA794B00156E1B /* LKCommonNoNetworkingView.m */,
				9AD8A3AB20CA794B00156E1B /* LKRefreshUtil.h */,
				9AD8A3AC20CA794B00156E1B /* LKRefreshUtil.m */,
				9AD8A3AD20CA794B00156E1B /* LKScrollViewRefresh.h */,
				9AD8A3AE20CA794B00156E1B /* LKScrollViewRefresh.m */,
				9AD8A3AF20CA794B00156E1B /* LKWebView.h */,
				9AD8A3B020CA794B00156E1B /* LKWebView.m */,
				9AD8A3B120CA794B00156E1B /* Resource */,
			);
			path = SQRBaseClassProject;
			sourceTree = SOURCE_ROOT;
		};
		9AD8A3B120CA794B00156E1B /* Resource */ = {
			isa = PBXGroup;
			children = (
				9AD8A3B220CA794B00156E1B /* refresh@2x.png */,
				9AD8A3B320CA794B00156E1B /* refresh@3x.png */,
			);
			path = Resource;
			sourceTree = "<group>";
		};
/* End PBXGroup section */

/* Begin PBXNativeTarget section */
		9AD8A35520CA784200156E1B /* SQRBaseClassProject */ = {
			isa = PBXNativeTarget;
			buildConfigurationList = 9AD8A38220CA784400156E1B /* Build configuration list for PBXNativeTarget "SQRBaseClassProject" */;
			buildPhases = (
				9AD8A35220CA784200156E1B /* Sources */,
				9AD8A35320CA784200156E1B /* Frameworks */,
				9AD8A35420CA784200156E1B /* Resources */,
			);
			buildRules = (
			);
			dependencies = (
			);
			name = SQRBaseClassProject;
			productName = SQRBaseClassProject;
			productReference = 9AD8A35620CA784200156E1B /* SQRBaseClassProject.app */;
			productType = "com.apple.product-type.application";
		};
		9AD8A36D20CA784400156E1B /* SQRBaseClassProjectTests */ = {
			isa = PBXNativeTarget;
			buildConfigurationList = 9AD8A38520CA784400156E1B /* Build configuration list for PBXNativeTarget "SQRBaseClassProjectTests" */;
			buildPhases = (
				9AD8A36A20CA784400156E1B /* Sources */,
				9AD8A36B20CA784400156E1B /* Frameworks */,
				9AD8A36C20CA784400156E1B /* Resources */,
			);
			buildRules = (
			);
			dependencies = (
				9AD8A37020CA784400156E1B /* PBXTargetDependency */,
			);
			name = SQRBaseClassProjectTests;
			productName = SQRBaseClassProjectTests;
			productReference = 9AD8A36E20CA784400156E1B /* SQRBaseClassProjectTests.xctest */;
			productType = "com.apple.product-type.bundle.unit-test";
		};
		9AD8A37820CA784400156E1B /* SQRBaseClassProjectUITests */ = {
			isa = PBXNativeTarget;
			buildConfigurationList = 9AD8A38820CA784400156E1B /* Build configuration list for PBXNativeTarget "SQRBaseClassProjectUITests" */;
			buildPhases = (
				9AD8A37520CA784400156E1B /* Sources */,
				9AD8A37620CA784400156E1B /* Frameworks */,
				9AD8A37720CA784400156E1B /* Resources */,
			);
			buildRules = (
			);
			dependencies = (
				9AD8A37B20CA784400156E1B /* PBXTargetDependency */,
			);
			name = SQRBaseClassProjectUITests;
			productName = SQRBaseClassProjectUITests;
			productReference = 9AD8A37920CA784400156E1B /* SQRBaseClassProjectUITests.xctest */;
			productType = "com.apple.product-type.bundle.ui-testing";
		};
/* End PBXNativeTarget section */

/* Begin PBXProject section */
		9AD8A34E20CA784200156E1B /* Project object */ = {
			isa = PBXProject;
			attributes = {
				LastUpgradeCheck = 0930;
				ORGANIZATIONNAME = PR;
				TargetAttributes = {
					9AD8A35520CA784200156E1B = {
						CreatedOnToolsVersion = 9.3;
					};
					9AD8A36D20CA784400156E1B = {
						CreatedOnToolsVersion = 9.3;
						TestTargetID = 9AD8A35520CA784200156E1B;
					};
					9AD8A37820CA784400156E1B = {
						CreatedOnToolsVersion = 9.3;
						TestTargetID = 9AD8A35520CA784200156E1B;
					};
				};
			};
			buildConfigurationList = 9AD8A35120CA784200156E1B /* Build configuration list for PBXProject "SQRBaseClassProject" */;
			compatibilityVersion = "Xcode 9.3";
			developmentRegion = en;
			hasScannedForEncodings = 0;
			knownRegions = (
				en,
				Base,
			);
			mainGroup = 9AD8A34D20CA784200156E1B;
			productRefGroup = 9AD8A35720CA784200156E1B /* Products */;
			projectDirPath = "";
			projectRoot = "";
			targets = (
				9AD8A35520CA784200156E1B /* SQRBaseClassProject */,
				9AD8A36D20CA784400156E1B /* SQRBaseClassProjectTests */,
				9AD8A37820CA784400156E1B /* SQRBaseClassProjectUITests */,
			);
		};
/* End PBXProject section */

/* Begin PBXResourcesBuildPhase section */
		9AD8A35420CA784200156E1B /* Resources */ = {
			isa = PBXResourcesBuildPhase;
			buildActionMask = 2147483647;
			files = (
				9AD8A39B20CA794300156E1B /* Info.plist in Resources */,
				9AD8A39A20CA794300156E1B /* Main.storyboard in Resources */,
				9AD8A39820CA794300156E1B /* Assets.xcassets in Resources */,
				9AD8A3BD20CA794C00156E1B /* refresh@2x.png in Resources */,
				9AD8A39920CA794300156E1B /* LaunchScreen.storyboard in Resources */,
				9AD8A3BE20CA794C00156E1B /* refresh@3x.png in Resources */,
			);
			runOnlyForDeploymentPostprocessing = 0;
		};
		9AD8A36C20CA784400156E1B /* Resources */ = {
			isa = PBXResourcesBuildPhase;
			buildActionMask = 2147483647;
			files = (
			);
			runOnlyForDeploymentPostprocessing = 0;
		};
		9AD8A37720CA784400156E1B /* Resources */ = {
			isa = PBXResourcesBuildPhase;
			buildActionMask = 2147483647;
			files = (
			);
			runOnlyForDeploymentPostprocessing = 0;
		};
/* End PBXResourcesBuildPhase section */

/* Begin PBXSourcesBuildPhase section */
		9AD8A35220CA784200156E1B /* Sources */ = {
			isa = PBXSourcesBuildPhase;
			buildActionMask = 2147483647;
			files = (
				9AD8A39D20CA794300156E1B /* ViewController.m in Sources */,
				9AD8A3B620CA794C00156E1B /* LKBaseTableViewCell.m in Sources */,
				9A2D667D20CE0C8B00C986E3 /* UIView+Tap.m in Sources */,
				9AD8A3BB20CA794C00156E1B /* LKScrollViewRefresh.m in Sources */,
				9AD8A3B820CA794C00156E1B /* LKBaseViewController.m in Sources */,
				9AD8A3B920CA794C00156E1B /* LKCommonNoNetworkingView.m in Sources */,
				9AD8A3B520CA794C00156E1B /* LKBaseTableView.m in Sources */,
				9AD8A3BC20CA794C00156E1B /* LKWebView.m in Sources */,
				9AD8A3B420CA794C00156E1B /* LKBaseTableHeaderFooterView.m in Sources */,
				9AD8A3BA20CA794C00156E1B /* LKRefreshUtil.m in Sources */,
				9AD8A39C20CA794300156E1B /* main.m in Sources */,
				9AD8A39720CA794300156E1B /* AppDelegate.m in Sources */,
				9AD8A3B720CA794C00156E1B /* LKBaseTableViewController.m in Sources */,
			);
			runOnlyForDeploymentPostprocessing = 0;
		};
		9AD8A36A20CA784400156E1B /* Sources */ = {
			isa = PBXSourcesBuildPhase;
			buildActionMask = 2147483647;
			files = (
				9AD8A37320CA784400156E1B /* SQRBaseClassProjectTests.m in Sources */,
			);
			runOnlyForDeploymentPostprocessing = 0;
		};
		9AD8A37520CA784400156E1B /* Sources */ = {
			isa = PBXSourcesBuildPhase;
			buildActionMask = 2147483647;
			files = (
				9AD8A37E20CA784400156E1B /* SQRBaseClassProjectUITests.m in Sources */,
			);
			runOnlyForDeploymentPostprocessing = 0;
		};
/* End PBXSourcesBuildPhase section */

/* Begin PBXTargetDependency section */
		9AD8A37020CA784400156E1B /* PBXTargetDependency */ = {
			isa = PBXTargetDependency;
			target = 9AD8A35520CA784200156E1B /* SQRBaseClassProject */;
			targetProxy = 9AD8A36F20CA784400156E1B /* PBXContainerItemProxy */;
		};
		9AD8A37B20CA784400156E1B /* PBXTargetDependency */ = {
			isa = PBXTargetDependency;
			target = 9AD8A35520CA784200156E1B /* SQRBaseClassProject */;
			targetProxy = 9AD8A37A20CA784400156E1B /* PBXContainerItemProxy */;
		};
/* End PBXTargetDependency section */

/* Begin PBXVariantGroup section */
		9AD8A38F20CA794300156E1B /* LaunchScreen.storyboard */ = {
			isa = PBXVariantGroup;
			children = (
				9AD8A39020CA794300156E1B /* Base */,
			);
			name = LaunchScreen.storyboard;
			sourceTree = "<group>";
		};
		9AD8A39120CA794300156E1B /* Main.storyboard */ = {
			isa = PBXVariantGroup;
			children = (
				9AD8A39220CA794300156E1B /* Base */,
			);
			name = Main.storyboard;
			sourceTree = "<group>";
		};
/* End PBXVariantGroup section */

/* Begin XCBuildConfiguration section */
		9AD8A38020CA784400156E1B /* Debug */ = {
			isa = XCBuildConfiguration;
			buildSettings = {
				ALWAYS_SEARCH_USER_PATHS = NO;
				CLANG_ANALYZER_NONNULL = YES;
				CLANG_ANALYZER_NUMBER_OBJECT_CONVERSION = YES_AGGRESSIVE;
				CLANG_CXX_LANGUAGE_STANDARD = "gnu++14";
				CLANG_CXX_LIBRARY = "libc++";
				CLANG_ENABLE_MODULES = YES;
				CLANG_ENABLE_OBJC_ARC = YES;
				CLANG_ENABLE_OBJC_WEAK = YES;
				CLANG_WARN_BLOCK_CAPTURE_AUTORELEASING = YES;
				CLANG_WARN_BOOL_CONVERSION = YES;
				CLANG_WARN_COMMA = YES;
				CLANG_WARN_CONSTANT_CONVERSION = YES;
				CLANG_WARN_DEPRECATED_OBJC_IMPLEMENTATIONS = YES;
				CLANG_WARN_DIRECT_OBJC_ISA_USAGE = YES_ERROR;
				CLANG_WARN_DOCUMENTATION_COMMENTS = YES;
				CLANG_WARN_EMPTY_BODY = YES;
				CLANG_WARN_ENUM_CONVERSION = YES;
				CLANG_WARN_INFINITE_RECURSION = YES;
				CLANG_WARN_INT_CONVERSION = YES;
				CLANG_WARN_NON_LITERAL_NULL_CONVERSION = YES;
				CLANG_WARN_OBJC_IMPLICIT_RETAIN_SELF = YES;
				CLANG_WARN_OBJC_LITERAL_CONVERSION = YES;
				CLANG_WARN_OBJC_ROOT_CLASS = YES_ERROR;
				CLANG_WARN_RANGE_LOOP_ANALYSIS = YES;
				CLANG_WARN_STRICT_PROTOTYPES = YES;
				CLANG_WARN_SUSPICIOUS_MOVE = YES;
				CLANG_WARN_UNGUARDED_AVAILABILITY = YES_AGGRESSIVE;
				CLANG_WARN_UNREACHABLE_CODE = YES;
				CLANG_WARN__DUPLICATE_METHOD_MATCH = YES;
				CODE_SIGN_IDENTITY = "iPhone Developer";
				COPY_PHASE_STRIP = NO;
				DEBUG_INFORMATION_FORMAT = dwarf;
				ENABLE_STRICT_OBJC_MSGSEND = YES;
				ENABLE_TESTABILITY = YES;
				GCC_C_LANGUAGE_STANDARD = gnu11;
				GCC_DYNAMIC_NO_PIC = NO;
				GCC_NO_COMMON_BLOCKS = YES;
				GCC_OPTIMIZATION_LEVEL = 0;
				GCC_PREPROCESSOR_DEFINITIONS = (
					"DEBUG=1",
					"$(inherited)",
				);
				GCC_WARN_64_TO_32_BIT_CONVERSION = YES;
				GCC_WARN_ABOUT_RETURN_TYPE = YES_ERROR;
				GCC_WARN_UNDECLARED_SELECTOR = YES;
				GCC_WARN_UNINITIALIZED_AUTOS = YES_AGGRESSIVE;
				GCC_WARN_UNUSED_FUNCTION = YES;
				GCC_WARN_UNUSED_VARIABLE = YES;
				IPHONEOS_DEPLOYMENT_TARGET = 11.3;
				MTL_ENABLE_DEBUG_INFO = YES;
				ONLY_ACTIVE_ARCH = YES;
				SDKROOT = iphoneos;
			};
			name = Debug;
		};
		9AD8A38120CA784400156E1B /* Release */ = {
			isa = XCBuildConfiguration;
			buildSettings = {
				ALWAYS_SEARCH_USER_PATHS = NO;
				CLANG_ANALYZER_NONNULL = YES;
				CLANG_ANALYZER_NUMBER_OBJECT_CONVERSION = YES_AGGRESSIVE;
				CLANG_CXX_LANGUAGE_STANDARD = "gnu++14";
				CLANG_CXX_LIBRARY = "libc++";
				CLANG_ENABLE_MODULES = YES;
				CLANG_ENABLE_OBJC_ARC = YES;
				CLANG_ENABLE_OBJC_WEAK = YES;
				CLANG_WARN_BLOCK_CAPTURE_AUTORELEASING = YES;
				CLANG_WARN_BOOL_CONVERSION = YES;
				CLANG_WARN_COMMA = YES;
				CLANG_WARN_CONSTANT_CONVERSION = YES;
				CLANG_WARN_DEPRECATED_OBJC_IMPLEMENTATIONS = YES;
				CLANG_WARN_DIRECT_OBJC_ISA_USAGE = YES_ERROR;
				CLANG_WARN_DOCUMENTATION_COMMENTS = YES;
				CLANG_WARN_EMPTY_BODY = YES;
				CLANG_WARN_ENUM_CONVERSION = YES;
				CLANG_WARN_INFINITE_RECURSION = YES;
				CLANG_WARN_INT_CONVERSION = YES;
				CLANG_WARN_NON_LITERAL_NULL_CONVERSION = YES;
				CLANG_WARN_OBJC_IMPLICIT_RETAIN_SELF = YES;
				CLANG_WARN_OBJC_LITERAL_CONVERSION = YES;
				CLANG_WARN_OBJC_ROOT_CLASS = YES_ERROR;
				CLANG_WARN_RANGE_LOOP_ANALYSIS = YES;
				CLANG_WARN_STRICT_PROTOTYPES = YES;
				CLANG_WARN_SUSPICIOUS_MOVE = YES;
				CLANG_WARN_UNGUARDED_AVAILABILITY = YES_AGGRESSIVE;
				CLANG_WARN_UNREACHABLE_CODE = YES;
				CLANG_WARN__DUPLICATE_METHOD_MATCH = YES;
				CODE_SIGN_IDENTITY = "iPhone Developer";
				COPY_PHASE_STRIP = NO;
				DEBUG_INFORMATION_FORMAT = "dwarf-with-dsym";
				ENABLE_NS_ASSERTIONS = NO;
				ENABLE_STRICT_OBJC_MSGSEND = YES;
				GCC_C_LANGUAGE_STANDARD = gnu11;
				GCC_NO_COMMON_BLOCKS = YES;
				GCC_WARN_64_TO_32_BIT_CONVERSION = YES;
				GCC_WARN_ABOUT_RETURN_TYPE = YES_ERROR;
				GCC_WARN_UNDECLARED_SELECTOR = YES;
				GCC_WARN_UNINITIALIZED_AUTOS = YES_AGGRESSIVE;
				GCC_WARN_UNUSED_FUNCTION = YES;
				GCC_WARN_UNUSED_VARIABLE = YES;
				IPHONEOS_DEPLOYMENT_TARGET = 11.3;
				MTL_ENABLE_DEBUG_INFO = NO;
				SDKROOT = iphoneos;
				VALIDATE_PRODUCT = YES;
			};
			name = Release;
		};
		9AD8A38320CA784400156E1B /* Debug */ = {
			isa = XCBuildConfiguration;
			buildSettings = {
				ASSETCATALOG_COMPILER_APPICON_NAME = AppIcon;
				CODE_SIGN_STYLE = Automatic;
				DEVELOPMENT_TEAM = M7JT4ZMJ42;
				INFOPLIST_FILE = SQRBaseClassProject/Info.plist;
				LD_RUNPATH_SEARCH_PATHS = (
					"$(inherited)",
					"@executable_path/Frameworks",
				);
				PRODUCT_BUNDLE_IDENTIFIER = cn.shequren.SQRBaseClassProject;
				PRODUCT_NAME = "$(TARGET_NAME)";
				TARGETED_DEVICE_FAMILY = "1,2";
			};
			name = Debug;
		};
		9AD8A38420CA784400156E1B /* Release */ = {
			isa = XCBuildConfiguration;
			buildSettings = {
				ASSETCATALOG_COMPILER_APPICON_NAME = AppIcon;
				CODE_SIGN_STYLE = Automatic;
				DEVELOPMENT_TEAM = M7JT4ZMJ42;
				INFOPLIST_FILE = SQRBaseClassProject/Info.plist;
				LD_RUNPATH_SEARCH_PATHS = (
					"$(inherited)",
					"@executable_path/Frameworks",
				);
				PRODUCT_BUNDLE_IDENTIFIER = cn.shequren.SQRBaseClassProject;
				PRODUCT_NAME = "$(TARGET_NAME)";
				TARGETED_DEVICE_FAMILY = "1,2";
			};
			name = Release;
		};
		9AD8A38620CA784400156E1B /* Debug */ = {
			isa = XCBuildConfiguration;
			buildSettings = {
				BUNDLE_LOADER = "$(TEST_HOST)";
				CODE_SIGN_STYLE = Automatic;
				INFOPLIST_FILE = SQRBaseClassProjectTests/Info.plist;
				LD_RUNPATH_SEARCH_PATHS = (
					"$(inherited)",
					"@executable_path/Frameworks",
					"@loader_path/Frameworks",
				);
				PRODUCT_BUNDLE_IDENTIFIER = cn.shequren.SQRBaseClassProjectTests;
				PRODUCT_NAME = "$(TARGET_NAME)";
				TARGETED_DEVICE_FAMILY = "1,2";
				TEST_HOST = "$(BUILT_PRODUCTS_DIR)/SQRBaseClassProject.app/SQRBaseClassProject";
			};
			name = Debug;
		};
		9AD8A38720CA784400156E1B /* Release */ = {
			isa = XCBuildConfiguration;
			buildSettings = {
				BUNDLE_LOADER = "$(TEST_HOST)";
				CODE_SIGN_STYLE = Automatic;
				INFOPLIST_FILE = SQRBaseClassProjectTests/Info.plist;
				LD_RUNPATH_SEARCH_PATHS = (
					"$(inherited)",
					"@executable_path/Frameworks",
					"@loader_path/Frameworks",
				);
				PRODUCT_BUNDLE_IDENTIFIER = cn.shequren.SQRBaseClassProjectTests;
				PRODUCT_NAME = "$(TARGET_NAME)";
				TARGETED_DEVICE_FAMILY = "1,2";
				TEST_HOST = "$(BUILT_PRODUCTS_DIR)/SQRBaseClassProject.app/SQRBaseClassProject";
			};
			name = Release;
		};
		9AD8A38920CA784400156E1B /* Debug */ = {
			isa = XCBuildConfiguration;
			buildSettings = {
				CODE_SIGN_STYLE = Automatic;
				INFOPLIST_FILE = SQRBaseClassProjectUITests/Info.plist;
				LD_RUNPATH_SEARCH_PATHS = (
					"$(inherited)",
					"@executable_path/Frameworks",
					"@loader_path/Frameworks",
				);
				PRODUCT_BUNDLE_IDENTIFIER = cn.shequren.SQRBaseClassProjectUITests;
				PRODUCT_NAME = "$(TARGET_NAME)";
				TARGETED_DEVICE_FAMILY = "1,2";
				TEST_TARGET_NAME = SQRBaseClassProject;
			};
			name = Debug;
		};
		9AD8A38A20CA784400156E1B /* Release */ = {
			isa = XCBuildConfiguration;
			buildSettings = {
				CODE_SIGN_STYLE = Automatic;
				INFOPLIST_FILE = SQRBaseClassProjectUITests/Info.plist;
				LD_RUNPATH_SEARCH_PATHS = (
					"$(inherited)",
					"@executable_path/Frameworks",
					"@loader_path/Frameworks",
				);
				PRODUCT_BUNDLE_IDENTIFIER = cn.shequren.SQRBaseClassProjectUITests;
				PRODUCT_NAME = "$(TARGET_NAME)";
				TARGETED_DEVICE_FAMILY = "1,2";
				TEST_TARGET_NAME = SQRBaseClassProject;
			};
			name = Release;
		};
/* End XCBuildConfiguration section */

/* Begin XCConfigurationList section */
		9AD8A35120CA784200156E1B /* Build configuration list for PBXProject "SQRBaseClassProject" */ = {
			isa = XCConfigurationList;
			buildConfigurations = (
				9AD8A38020CA784400156E1B /* Debug */,
				9AD8A38120CA784400156E1B /* Release */,
			);
			defaultConfigurationIsVisible = 0;
			defaultConfigurationName = Release;
		};
		9AD8A38220CA784400156E1B /* Build configuration list for PBXNativeTarget "SQRBaseClassProject" */ = {
			isa = XCConfigurationList;
			buildConfigurations = (
				9AD8A38320CA784400156E1B /* Debug */,
				9AD8A38420CA784400156E1B /* Release */,
			);
			defaultConfigurationIsVisible = 0;
			defaultConfigurationName = Release;
		};
		9AD8A38520CA784400156E1B /* Build configuration list for PBXNativeTarget "SQRBaseClassProjectTests" */ = {
			isa = XCConfigurationList;
			buildConfigurations = (
				9AD8A38620CA784400156E1B /* Debug */,
				9AD8A38720CA784400156E1B /* Release */,
			);
			defaultConfigurationIsVisible = 0;
			defaultConfigurationName = Release;
		};
		9AD8A38820CA784400156E1B /* Build configuration list for PBXNativeTarget "SQRBaseClassProjectUITests" */ = {
			isa = XCConfigurationList;
			buildConfigurations = (
				9AD8A38920CA784400156E1B /* Debug */,
				9AD8A38A20CA784400156E1B /* Release */,
			);
			defaultConfigurationIsVisible = 0;
			defaultConfigurationName = Release;
		};
/* End XCConfigurationList section */
	};
	rootObject = 9AD8A34E20CA784200156E1B /* Project object */;
}
